<Solution>
  <Folder Name="/src/">
    <Project Path="src/GroupLab.App/GroupLab.App.csproj" />
    <Project Path="src/GroupLab.Cli/GroupLab.Cli.csproj" />
    <Project Path="src/GroupLab.Core/GroupLab.Core.csproj" />
  </Folder>
  <Folder Name="/tests/">
    <Project Path="tests/GroupLab.App.Tests/GroupLab.App.Tests.csproj" />
    <Project Path="tests/GroupLab.Core.Tests/GroupLab.Core.Tests.csproj" />
  </Folder>
</Solution>
